
Microsoft Visual Studio Solution File, Format Version 12.00
# Visual Studio 15
VisualStudioVersion = 15.0.28010.2019
MinimumVisualStudioVersion = 10.0.40219.1
Project("{FAE04EC0-301F-11D3-BF4B-00C04F79EFBC}") = "BankSystemClient", "BankSystemClient\BankSystemClient.csproj", "{257E7475-5783-426C-8AC9-41E3F98570D6}"
EndProject
Project("{2150E333-8FDC-42A3-9474-1A3956D46DE8}") = "BankSystemModel", "BankSystemModel", "{450EFD44-7093-42D7-8974-B867358A64EC}"
EndProject
Project("{2150E333-8FDC-42A3-9474-1A3956D46DE8}") = "Repository", "Repository", "{99F136E5-3FFE-41BF-B64E-BD1E10081347}"
EndProject
Project("{2150E333-8FDC-42A3-9474-1A3956D46DE8}") = "Web", "Web", "{7338D585-820C-4BD8-A93D-C4590BE34BCD}"
EndProject
Project("{2150E333-8FDC-42A3-9474-1A3956D46DE8}") = "Desktop", "Desktop", "{4B839439-123A-413D-AFAD-2EBBFA2F2DA8}"
EndProject
Project("{FAE04EC0-301F-11D3-BF4B-00C04F79EFBC}") = "DesktopRepository", "DesktopRepository\DesktopRepository.csproj", "{7BC3D943-F904-4FDC-9F14-25332FD1FBA6}"
EndProject
Project("{FAE04EC0-301F-11D3-BF4B-00C04F79EFBC}") = "WebRepository", "WebRepository\WebRepository.csproj", "{9AE172E1-48DA-4E47-95F5-409A6A6C1ADD}"
EndProject
Project("{FAE04EC0-301F-11D3-BF4B-00C04F79EFBC}") = "BankSystemModel", "BankSystemModel\BankSystemModel.csproj", "{5BB4D1EC-6D04-4C5B-BEE2-E3DC8A44F494}"
EndProject
Project("{9A19103F-16F7-4668-BE54-9A1E7A4F7556}") = "BankSystemWebClient", "BankSystemWebClient\BankSystemWebClient.csproj", "{E4F5B4CD-E591-4661-90B5-4547F29D34D1}"
EndProject
Project("{2150E333-8FDC-42A3-9474-1A3956D46DE8}") = "Core", "Core", "{C3A9950C-1AD9-4539-B59E-67ED3992C6BB}"
EndProject
Project("{9A19103F-16F7-4668-BE54-9A1E7A4F7556}") = "CoreRepository", "CoreRepository\CoreRepository.csproj", "{FDDA129D-5382-443F-9644-025C4F73DD9D}"
EndProject
Project("{2150E333-8FDC-42A3-9474-1A3956D46DE8}") = "MySql", "MySql", "{7D9A8C60-44EF-4849-B2F1-28C6B1098CCF}"
EndProject
Project("{9A19103F-16F7-4668-BE54-9A1E7A4F7556}") = "MySqlRepository", "MySqlRepository\MySqlRepository.csproj", "{EEA0F089-E8AC-483D-9285-D5625D69A754}"
EndProject
Project("{2150E333-8FDC-42A3-9474-1A3956D46DE8}") = "UnitTests", "UnitTests", "{3DC5DBBB-AF8D-4394-9AAA-5C67C9FCC7A6}"
EndProject
Project("{9A19103F-16F7-4668-BE54-9A1E7A4F7556}") = "CoreRepository.Tests", "CoreRepository.Tests\CoreRepository.Tests.csproj", "{4727E71F-5062-45F3-8667-D48962DAC16A}"
EndProject
Project("{9A19103F-16F7-4668-BE54-9A1E7A4F7556}") = "WebUI.Tests", "WebUI.Tests\WebUI.Tests.csproj", "{2763AE88-111C-44CA-91BB-C5CB0C211364}"
EndProject
Project("{FAE04EC0-301F-11D3-BF4B-00C04F79EFBC}") = "CodedUITests", "CodedUITests\CodedUITests.csproj", "{F94AACA4-47F5-41BC-B515-FDE1C0063D0F}"
EndProject
Global
	GlobalSection(SolutionConfigurationPlatforms) = preSolution
		Debug|Any CPU = Debug|Any CPU
		Release|Any CPU = Release|Any CPU
	EndGlobalSection
	GlobalSection(ProjectConfigurationPlatforms) = postSolution
		{257E7475-5783-426C-8AC9-41E3F98570D6}.Debug|Any CPU.ActiveCfg = Debug|Any CPU
		{257E7475-5783-426C-8AC9-41E3F98570D6}.Debug|Any CPU.Build.0 = Debug|Any CPU
		{257E7475-5783-426C-8AC9-41E3F98570D6}.Release|Any CPU.ActiveCfg = Release|Any CPU
		{257E7475-5783-426C-8AC9-41E3F98570D6}.Release|Any CPU.Build.0 = Release|Any CPU
		{7BC3D943-F904-4FDC-9F14-25332FD1FBA6}.Debug|Any CPU.ActiveCfg = Debug|Any CPU
		{7BC3D943-F904-4FDC-9F14-25332FD1FBA6}.Debug|Any CPU.Build.0 = Debug|Any CPU
		{7BC3D943-F904-4FDC-9F14-25332FD1FBA6}.Release|Any CPU.ActiveCfg = Release|Any CPU
		{7BC3D943-F904-4FDC-9F14-25332FD1FBA6}.Release|Any CPU.Build.0 = Release|Any CPU
		{9AE172E1-48DA-4E47-95F5-409A6A6C1ADD}.Debug|Any CPU.ActiveCfg = Debug|Any CPU
		{9AE172E1-48DA-4E47-95F5-409A6A6C1ADD}.Debug|Any CPU.Build.0 = Debug|Any CPU
		{9AE172E1-48DA-4E47-95F5-409A6A6C1ADD}.Release|Any CPU.ActiveCfg = Release|Any CPU
		{9AE172E1-48DA-4E47-95F5-409A6A6C1ADD}.Release|Any CPU.Build.0 = Release|Any CPU
		{5BB4D1EC-6D04-4C5B-BEE2-E3DC8A44F494}.Debug|Any CPU.ActiveCfg = Debug|Any CPU
		{5BB4D1EC-6D04-4C5B-BEE2-E3DC8A44F494}.Debug|Any CPU.Build.0 = Debug|Any CPU
		{5BB4D1EC-6D04-4C5B-BEE2-E3DC8A44F494}.Release|Any CPU.ActiveCfg = Release|Any CPU
		{5BB4D1EC-6D04-4C5B-BEE2-E3DC8A44F494}.Release|Any CPU.Build.0 = Release|Any CPU
		{E4F5B4CD-E591-4661-90B5-4547F29D34D1}.Debug|Any CPU.ActiveCfg = Debug|Any CPU
		{E4F5B4CD-E591-4661-90B5-4547F29D34D1}.Debug|Any CPU.Build.0 = Debug|Any CPU
		{E4F5B4CD-E591-4661-90B5-4547F29D34D1}.Release|Any CPU.ActiveCfg = Release|Any CPU
		{E4F5B4CD-E591-4661-90B5-4547F29D34D1}.Release|Any CPU.Build.0 = Release|Any CPU
		{FDDA129D-5382-443F-9644-025C4F73DD9D}.Debug|Any CPU.ActiveCfg = Debug|Any CPU
		{FDDA129D-5382-443F-9644-025C4F73DD9D}.Debug|Any CPU.Build.0 = Debug|Any CPU
		{FDDA129D-5382-443F-9644-025C4F73DD9D}.Release|Any CPU.ActiveCfg = Release|Any CPU
		{FDDA129D-5382-443F-9644-025C4F73DD9D}.Release|Any CPU.Build.0 = Release|Any CPU
		{EEA0F089-E8AC-483D-9285-D5625D69A754}.Debug|Any CPU.ActiveCfg = Debug|Any CPU
		{EEA0F089-E8AC-483D-9285-D5625D69A754}.Debug|Any CPU.Build.0 = Debug|Any CPU
		{EEA0F089-E8AC-483D-9285-D5625D69A754}.Release|Any CPU.ActiveCfg = Release|Any CPU
		{EEA0F089-E8AC-483D-9285-D5625D69A754}.Release|Any CPU.Build.0 = Release|Any CPU
		{4727E71F-5062-45F3-8667-D48962DAC16A}.Debug|Any CPU.ActiveCfg = Debug|Any CPU
		{4727E71F-5062-45F3-8667-D48962DAC16A}.Debug|Any CPU.Build.0 = Debug|Any CPU
		{4727E71F-5062-45F3-8667-D48962DAC16A}.Release|Any CPU.ActiveCfg = Release|Any CPU
		{4727E71F-5062-45F3-8667-D48962DAC16A}.Release|Any CPU.Build.0 = Release|Any CPU
		{2763AE88-111C-44CA-91BB-C5CB0C211364}.Debug|Any CPU.ActiveCfg = Debug|Any CPU
		{2763AE88-111C-44CA-91BB-C5CB0C211364}.Debug|Any CPU.Build.0 = Debug|Any CPU
		{2763AE88-111C-44CA-91BB-C5CB0C211364}.Release|Any CPU.ActiveCfg = Release|Any CPU
		{2763AE88-111C-44CA-91BB-C5CB0C211364}.Release|Any CPU.Build.0 = Release|Any CPU
		{F94AACA4-47F5-41BC-B515-FDE1C0063D0F}.Debug|Any CPU.ActiveCfg = Debug|Any CPU
		{F94AACA4-47F5-41BC-B515-FDE1C0063D0F}.Debug|Any CPU.Build.0 = Debug|Any CPU
		{F94AACA4-47F5-41BC-B515-FDE1C0063D0F}.Release|Any CPU.ActiveCfg = Release|Any CPU
		{F94AACA4-47F5-41BC-B515-FDE1C0063D0F}.Release|Any CPU.Build.0 = Release|Any CPU
	EndGlobalSection
	GlobalSection(SolutionProperties) = preSolution
		HideSolutionNode = FALSE
	EndGlobalSection
	GlobalSection(NestedProjects) = preSolution
		{7338D585-820C-4BD8-A93D-C4590BE34BCD} = {99F136E5-3FFE-41BF-B64E-BD1E10081347}
		{4B839439-123A-413D-AFAD-2EBBFA2F2DA8} = {99F136E5-3FFE-41BF-B64E-BD1E10081347}
		{7BC3D943-F904-4FDC-9F14-25332FD1FBA6} = {4B839439-123A-413D-AFAD-2EBBFA2F2DA8}
		{9AE172E1-48DA-4E47-95F5-409A6A6C1ADD} = {7338D585-820C-4BD8-A93D-C4590BE34BCD}
		{5BB4D1EC-6D04-4C5B-BEE2-E3DC8A44F494} = {450EFD44-7093-42D7-8974-B867358A64EC}
		{C3A9950C-1AD9-4539-B59E-67ED3992C6BB} = {99F136E5-3FFE-41BF-B64E-BD1E10081347}
		{FDDA129D-5382-443F-9644-025C4F73DD9D} = {C3A9950C-1AD9-4539-B59E-67ED3992C6BB}
		{7D9A8C60-44EF-4849-B2F1-28C6B1098CCF} = {99F136E5-3FFE-41BF-B64E-BD1E10081347}
		{EEA0F089-E8AC-483D-9285-D5625D69A754} = {7D9A8C60-44EF-4849-B2F1-28C6B1098CCF}
		{4727E71F-5062-45F3-8667-D48962DAC16A} = {3DC5DBBB-AF8D-4394-9AAA-5C67C9FCC7A6}
		{2763AE88-111C-44CA-91BB-C5CB0C211364} = {3DC5DBBB-AF8D-4394-9AAA-5C67C9FCC7A6}
		{F94AACA4-47F5-41BC-B515-FDE1C0063D0F} = {3DC5DBBB-AF8D-4394-9AAA-5C67C9FCC7A6}
	EndGlobalSection
	GlobalSection(ExtensibilityGlobals) = postSolution
		SolutionGuid = {C4436F3B-0EE7-4952-9BFA-691327F53D71}
	EndGlobalSection
EndGlobal
